// !$*UTF8*$!
{
	archiveVersion = 1;
	classes = {
	};
	objectVersion = 56;
	objects = {

/* Begin PBXBuildFile section */
		805244882D8CDD6300EE63FE /* project_04App.swift in Sources */ = {isa = PBXBuildFile; fileRef = 805244872D8CDD6300EE63FE /* project_04App.swift */; };
		8052448A2D8CDD6300EE63FE /* ContentView.swift in Sources */ = {isa = PBXBuildFile; fileRef = 805244892D8CDD6300EE63FE /* ContentView.swift */; };
		8052448C2D8CDD6400EE63FE /* Assets.xcassets in Resources */ = {isa = PBXBuildFile; fileRef = 8052448B2D8CDD6400EE63FE /* Assets.xcassets */; };
		8052448F2D8CDD6400EE63FE /* Preview Assets.xcassets in Resources */ = {isa = PBXBuildFile; fileRef = 8052448E2D8CDD6400EE63FE /* Preview Assets.xcassets */; };
		805244992D8CDD6400EE63FE /* project_04Tests.swift in Sources */ = {isa = PBXBuildFile; fileRef = 805244982D8CDD6400EE63FE /* project_04Tests.swift */; };
		805244A32D8CDD6400EE63FE /* project_04UITests.swift in Sources */ = {isa = PBXBuildFile; fileRef = 805244A22D8CDD6400EE63FE /* project_04UITests.swift */; };
		805244A52D8CDD6400EE63FE /* project_04UITestsLaunchTests.swift in Sources */ = {isa = PBXBuildFile; fileRef = 805244A42D8CDD6400EE63FE /* project_04UITestsLaunchTests.swift */; };
		80BAD8662D8E1FAE0031B16C /* SwiftUIView.swift in Sources */ = {isa = PBXBuildFile; fileRef = 80BAD8652D8E1FAE0031B16C /* SwiftUIView.swift */; };
		80BAD86A2D8E258D0031B16C /* secondview.swift in Sources */ = {isa = PBXBuildFile; fileRef = 80BAD8692D8E258D0031B16C /* secondview.swift */; };
		80BAD8722D8E26AD0031B16C /* three_view.swift in Sources */ = {isa = PBXBuildFile; fileRef = 80BAD8712D8E26AD0031B16C /* three_view.swift */; };
		80BAD8742D8E2BC70031B16C /* four_view.swift in Sources */ = {isa = PBXBuildFile; fileRef = 80BAD8732D8E2BC60031B16C /* four_view.swift */; };
		80BAD8762D8E382A0031B16C /* List_view.swift in Sources */ = {isa = PBXBuildFile; fileRef = 80BAD8752D8E382A0031B16C /* List_view.swift */; };
/* End PBXBuildFile section */

/* Begin PBXContainerItemProxy section */
		805244952D8CDD6400EE63FE /* PBXContainerItemProxy */ = {
			isa = PBXContainerItemProxy;
			containerPortal = 8052447C2D8CDD6300EE63FE /* Project object */;
			proxyType = 1;
			remoteGlobalIDString = 805244832D8CDD6300EE63FE;
			remoteInfo = project_04;
		};
		8052449F2D8CDD6400EE63FE /* PBXContainerItemProxy */ = {
			isa = PBXContainerItemProxy;
			containerPortal = 8052447C2D8CDD6300EE63FE /* Project object */;
			proxyType = 1;
			remoteGlobalIDString = 805244832D8CDD6300EE63FE;
			remoteInfo = project_04;
		};
/* End PBXContainerItemProxy section */

/* Begin PBXFileReference section */
		805244842D8CDD6300EE63FE /* project_04.app */ = {isa = PBXFileReference; explicitFileType = wrapper.application; includeInIndex = 0; path = project_04.app; sourceTree = BUILT_PRODUCTS_DIR; };
		805244872D8CDD6300EE63FE /* project_04App.swift */ = {isa = PBXFileReference; lastKnownFileType = sourcecode.swift; path = project_04App.swift; sourceTree = "<group>"; };
		805244892D8CDD6300EE63FE /* ContentView.swift */ = {isa = PBXFileReference; lastKnownFileType = sourcecode.swift; path = ContentView.swift; sourceTree = "<group>"; };
		8052448B2D8CDD6400EE63FE /* Assets.xcassets */ = {isa = PBXFileReference; lastKnownFileType = folder.assetcatalog; path = Assets.xcassets; sourceTree = "<group>"; };
		8052448E2D8CDD6400EE63FE /* Preview Assets.xcassets */ = {isa = PBXFileReference; lastKnownFileType = folder.assetcatalog; path = "Preview Assets.xcassets"; sourceTree = "<group>"; };
		805244942D8CDD6400EE63FE /* project_04Tests.xctest */ = {isa = PBXFileReference; explicitFileType = wrapper.cfbundle; includeInIndex = 0; path = project_04Tests.xctest; sourceTree = BUILT_PRODUCTS_DIR; };
		805244982D8CDD6400EE63FE /* project_04Tests.swift */ = {isa = PBXFileReference; lastKnownFileType = sourcecode.swift; path = project_04Tests.swift; sourceTree = "<group>"; };
		8052449E2D8CDD6400EE63FE /* project_04UITests.xctest */ = {isa = PBXFileReference; explicitFileType = wrapper.cfbundle; includeInIndex = 0; path = project_04UITests.xctest; sourceTree = BUILT_PRODUCTS_DIR; };
		805244A22D8CDD6400EE63FE /* project_04UITests.swift */ = {isa = PBXFileReference; lastKnownFileType = sourcecode.swift; path = project_04UITests.swift; sourceTree = "<group>"; };
		805244A42D8CDD6400EE63FE /* project_04UITestsLaunchTests.swift */ = {isa = PBXFileReference; lastKnownFileType = sourcecode.swift; path = project_04UITestsLaunchTests.swift; sourceTree = "<group>"; };
		80BAD8652D8E1FAE0031B16C /* SwiftUIView.swift */ = {isa = PBXFileReference; lastKnownFileType = sourcecode.swift; path = SwiftUIView.swift; sourceTree = "<group>"; };
		80BAD8692D8E258D0031B16C /* secondview.swift */ = {isa = PBXFileReference; lastKnownFileType = sourcecode.swift; path = secondview.swift; sourceTree = "<group>"; };
		80BAD8712D8E26AD0031B16C /* three_view.swift */ = {isa = PBXFileReference; lastKnownFileType = sourcecode.swift; path = three_view.swift; sourceTree = "<group>"; };
		80BAD8732D8E2BC60031B16C /* four_view.swift */ = {isa = PBXFileReference; lastKnownFileType = sourcecode.swift; path = four_view.swift; sourceTree = "<group>"; };
		80BAD8752D8E382A0031B16C /* List_view.swift */ = {isa = PBXFileReference; lastKnownFileType = sourcecode.swift; path = List_view.swift; sourceTree = "<group>"; };
/* End PBXFileReference section */

/* Begin PBXFrameworksBuildPhase section */
		805244812D8CDD6300EE63FE /* Frameworks */ = {
			isa = PBXFrameworksBuildPhase;
			buildActionMask = 2147483647;
			files = (
			);
			runOnlyForDeploymentPostprocessing = 0;
		};
		805244912D8CDD6400EE63FE /* Frameworks */ = {
			isa = PBXFrameworksBuildPhase;
			buildActionMask = 2147483647;
			files = (
			);
			runOnlyForDeploymentPostprocessing = 0;
		};
		8052449B2D8CDD6400EE63FE /* Frameworks */ = {
			isa = PBXFrameworksBuildPhase;
			buildActionMask = 2147483647;
			files = (
			);
			runOnlyForDeploymentPostprocessing = 0;
		};
/* End PBXFrameworksBuildPhase section */

/* Begin PBXGroup section */
		8052447B2D8CDD6300EE63FE = {
			isa = PBXGroup;
			children = (
				805244862D8CDD6300EE63FE /* project_04 */,
				805244972D8CDD6400EE63FE /* project_04Tests */,
				805244A12D8CDD6400EE63FE /* project_04UITests */,
				805244852D8CDD6300EE63FE /* Products */,
			);
			sourceTree = "<group>";
		};
		805244852D8CDD6300EE63FE /* Products */ = {
			isa = PBXGroup;
			children = (
				805244842D8CDD6300EE63FE /* project_04.app */,
				805244942D8CDD6400EE63FE /* project_04Tests.xctest */,
				8052449E2D8CDD6400EE63FE /* project_04UITests.xctest */,
			);
			name = Products;
			sourceTree = "<group>";
		};
		805244862D8CDD6300EE63FE /* project_04 */ = {
			isa = PBXGroup;
			children = (
				805244872D8CDD6300EE63FE /* project_04App.swift */,
				805244892D8CDD6300EE63FE /* ContentView.swift */,
				80BAD8752D8E382A0031B16C /* List_view.swift */,
				80BAD8732D8E2BC60031B16C /* four_view.swift */,
				80BAD8712D8E26AD0031B16C /* three_view.swift */,
				80BAD8692D8E258D0031B16C /* secondview.swift */,
				80BAD8652D8E1FAE0031B16C /* SwiftUIView.swift */,
				8052448B2D8CDD6400EE63FE /* Assets.xcassets */,
				8052448D2D8CDD6400EE63FE /* Preview Content */,
			);
			path = project_04;
			sourceTree = "<group>";
		};
		8052448D2D8CDD6400EE63FE /* Preview Content */ = {
			isa = PBXGroup;
			children = (
				8052448E2D8CDD6400EE63FE /* Preview Assets.xcassets */,
			);
			path = "Preview Content";
			sourceTree = "<group>";
		};
		805244972D8CDD6400EE63FE /* project_04Tests */ = {
			isa = PBXGroup;
			children = (
				805244982D8CDD6400EE63FE /* project_04Tests.swift */,
			);
			path = project_04Tests;
			sourceTree = "<group>";
		};
		805244A12D8CDD6400EE63FE /* project_04UITests */ = {
			isa = PBXGroup;
			children = (
				805244A22D8CDD6400EE63FE /* project_04UITests.swift */,
				805244A42D8CDD6400EE63FE /* project_04UITestsLaunchTests.swift */,
			);
			path = project_04UITests;
			sourceTree = "<group>";
		};
/* End PBXGroup section */

/* Begin PBXNativeTarget section */
		805244832D8CDD6300EE63FE /* project_04 */ = {
			isa = PBXNativeTarget;
			buildConfigurationList = 805244A82D8CDD6400EE63FE /* Build configuration list for PBXNativeTarget "project_04" */;
			buildPhases = (
				805244802D8CDD6300EE63FE /* Sources */,
				805244812D8CDD6300EE63FE /* Frameworks */,
				805244822D8CDD6300EE63FE /* Resources */,
			);
			buildRules = (
			);
			dependencies = (
			);
			name = project_04;
			productName = project_04;
			productReference = 805244842D8CDD6300EE63FE /* project_04.app */;
			productType = "com.apple.product-type.application";
		};
		805244932D8CDD6400EE63FE /* project_04Tests */ = {
			isa = PBXNativeTarget;
			buildConfigurationList = 805244AB2D8CDD6400EE63FE /* Build configuration list for PBXNativeTarget "project_04Tests" */;
			buildPhases = (
				805244902D8CDD6400EE63FE /* Sources */,
				805244912D8CDD6400EE63FE /* Frameworks */,
				805244922D8CDD6400EE63FE /* Resources */,
			);
			buildRules = (
			);
			dependencies = (
				805244962D8CDD6400EE63FE /* PBXTargetDependency */,
			);
			name = project_04Tests;
			productName = project_04Tests;
			productReference = 805244942D8CDD6400EE63FE /* project_04Tests.xctest */;
			productType = "com.apple.product-type.bundle.unit-test";
		};
		8052449D2D8CDD6400EE63FE /* project_04UITests */ = {
			isa = PBXNativeTarget;
			buildConfigurationList = 805244AE2D8CDD6400EE63FE /* Build configuration list for PBXNativeTarget "project_04UITests" */;
			buildPhases = (
				8052449A2D8CDD6400EE63FE /* Sources */,
				8052449B2D8CDD6400EE63FE /* Frameworks */,
				8052449C2D8CDD6400EE63FE /* Resources */,
			);
			buildRules = (
			);
			dependencies = (
				805244A02D8CDD6400EE63FE /* PBXTargetDependency */,
			);
			name = project_04UITests;
			productName = project_04UITests;
			productReference = 8052449E2D8CDD6400EE63FE /* project_04UITests.xctest */;
			productType = "com.apple.product-type.bundle.ui-testing";
		};
/* End PBXNativeTarget section */

/* Begin PBXProject section */
		8052447C2D8CDD6300EE63FE /* Project object */ = {
			isa = PBXProject;
			attributes = {
				BuildIndependentTargetsInParallel = 1;
				LastSwiftUpdateCheck = 1540;
				LastUpgradeCheck = 1540;
				TargetAttributes = {
					805244832D8CDD6300EE63FE = {
						CreatedOnToolsVersion = 15.4;
					};
					805244932D8CDD6400EE63FE = {
						CreatedOnToolsVersion = 15.4;
						TestTargetID = 805244832D8CDD6300EE63FE;
					};
					8052449D2D8CDD6400EE63FE = {
						CreatedOnToolsVersion = 15.4;
						TestTargetID = 805244832D8CDD6300EE63FE;
					};
				};
			};
			buildConfigurationList = 8052447F2D8CDD6300EE63FE /* Build configuration list for PBXProject "project_04" */;
			compatibilityVersion = "Xcode 14.0";
			developmentRegion = en;
			hasScannedForEncodings = 0;
			knownRegions = (
				en,
				Base,
			);
			mainGroup = 8052447B2D8CDD6300EE63FE;
			productRefGroup = 805244852D8CDD6300EE63FE /* Products */;
			projectDirPath = "";
			projectRoot = "";
			targets = (
				805244832D8CDD6300EE63FE /* project_04 */,
				805244932D8CDD6400EE63FE /* project_04Tests */,
				8052449D2D8CDD6400EE63FE /* project_04UITests */,
			);
		};
/* End PBXProject section */

/* Begin PBXResourcesBuildPhase section */
		805244822D8CDD6300EE63FE /* Resources */ = {
			isa = PBXResourcesBuildPhase;
			buildActionMask = 2147483647;
			files = (
				8052448F2D8CDD6400EE63FE /* Preview Assets.xcassets in Resources */,
				8052448C2D8CDD6400EE63FE /* Assets.xcassets in Resources */,
			);
			runOnlyForDeploymentPostprocessing = 0;
		};
		805244922D8CDD6400EE63FE /* Resources */ = {
			isa = PBXResourcesBuildPhase;
			buildActionMask = 2147483647;
			files = (
			);
			runOnlyForDeploymentPostprocessing = 0;
		};
		8052449C2D8CDD6400EE63FE /* Resources */ = {
			isa = PBXResourcesBuildPhase;
			buildActionMask = 2147483647;
			files = (
			);
			runOnlyForDeploymentPostprocessing = 0;
		};
/* End PBXResourcesBuildPhase section */

/* Begin PBXSourcesBuildPhase section */
		805244802D8CDD6300EE63FE /* Sources */ = {
			isa = PBXSourcesBuildPhase;
			buildActionMask = 2147483647;
			files = (
				8052448A2D8CDD6300EE63FE /* ContentView.swift in Sources */,
				805244882D8CDD6300EE63FE /* project_04App.swift in Sources */,
				80BAD8742D8E2BC70031B16C /* four_view.swift in Sources */,
				80BAD86A2D8E258D0031B16C /* secondview.swift in Sources */,
				80BAD8762D8E382A0031B16C /* List_view.swift in Sources */,
				80BAD8722D8E26AD0031B16C /* three_view.swift in Sources */,
				80BAD8662D8E1FAE0031B16C /* SwiftUIView.swift in Sources */,
			);
			runOnlyForDeploymentPostprocessing = 0;
		};
		805244902D8CDD6400EE63FE /* Sources */ = {
			isa = PBXSourcesBuildPhase;
			buildActionMask = 2147483647;
			files = (
				805244992D8CDD6400EE63FE /* project_04Tests.swift in Sources */,
			);
			runOnlyForDeploymentPostprocessing = 0;
		};
		8052449A2D8CDD6400EE63FE /* Sources */ = {
			isa = PBXSourcesBuildPhase;
			buildActionMask = 2147483647;
			files = (
				805244A52D8CDD6400EE63FE /* project_04UITestsLaunchTests.swift in Sources */,
				805244A32D8CDD6400EE63FE /* project_04UITests.swift in Sources */,
			);
			runOnlyForDeploymentPostprocessing = 0;
		};
/* End PBXSourcesBuildPhase section */

/* Begin PBXTargetDependency section */
		805244962D8CDD6400EE63FE /* PBXTargetDependency */ = {
			isa = PBXTargetDependency;
			target = 805244832D8CDD6300EE63FE /* project_04 */;
			targetProxy = 805244952D8CDD6400EE63FE /* PBXContainerItemProxy */;
		};
		805244A02D8CDD6400EE63FE /* PBXTargetDependency */ = {
			isa = PBXTargetDependency;
			target = 805244832D8CDD6300EE63FE /* project_04 */;
			targetProxy = 8052449F2D8CDD6400EE63FE /* PBXContainerItemProxy */;
		};
/* End PBXTargetDependency section */

/* Begin XCBuildConfiguration section */
		805244A62D8CDD6400EE63FE /* Debug */ = {
			isa = XCBuildConfiguration;
			buildSettings = {
				ALWAYS_SEARCH_USER_PATHS = NO;
				ASSETCATALOG_COMPILER_GENERATE_SWIFT_ASSET_SYMBOL_EXTENSIONS = YES;
				CLANG_ANALYZER_NONNULL = YES;
				CLANG_ANALYZER_NUMBER_OBJECT_CONVERSION = YES_AGGRESSIVE;
				CLANG_CXX_LANGUAGE_STANDARD = "gnu++20";
				CLANG_ENABLE_MODULES = YES;
				CLANG_ENABLE_OBJC_ARC = YES;
				CLANG_ENABLE_OBJC_WEAK = YES;
				CLANG_WARN_BLOCK_CAPTURE_AUTORELEASING = YES;
				CLANG_WARN_BOOL_CONVERSION = YES;
				CLANG_WARN_COMMA = YES;
				CLANG_WARN_CONSTANT_CONVERSION = YES;
				CLANG_WARN_DEPRECATED_OBJC_IMPLEMENTATIONS = YES;
				CLANG_WARN_DIRECT_OBJC_ISA_USAGE = YES_ERROR;
				CLANG_WARN_DOCUMENTATION_COMMENTS = YES;
				CLANG_WARN_EMPTY_BODY = YES;
				CLANG_WARN_ENUM_CONVERSION = YES;
				CLANG_WARN_INFINITE_RECURSION = YES;
				CLANG_WARN_INT_CONVERSION = YES;
				CLANG_WARN_NON_LITERAL_NULL_CONVERSION = YES;
				CLANG_WARN_OBJC_IMPLICIT_RETAIN_SELF = YES;
				CLANG_WARN_OBJC_LITERAL_CONVERSION = YES;
				CLANG_WARN_OBJC_ROOT_CLASS = YES_ERROR;
				CLANG_WARN_QUOTED_INCLUDE_IN_FRAMEWORK_HEADER = YES;
				CLANG_WARN_RANGE_LOOP_ANALYSIS = YES;
				CLANG_WARN_STRICT_PROTOTYPES = YES;
				CLANG_WARN_SUSPICIOUS_MOVE = YES;
				CLANG_WARN_UNGUARDED_AVAILABILITY = YES_AGGRESSIVE;
				CLANG_WARN_UNREACHABLE_CODE = YES;
				CLANG_WARN__DUPLICATE_METHOD_MATCH = YES;
				COPY_PHASE_STRIP = NO;
				DEBUG_INFORMATION_FORMAT = dwarf;
				ENABLE_STRICT_OBJC_MSGSEND = YES;
				ENABLE_TESTABILITY = YES;
				ENABLE_USER_SCRIPT_SANDBOXING = YES;
				GCC_C_LANGUAGE_STANDARD = gnu17;
				GCC_DYNAMIC_NO_PIC = NO;
				GCC_NO_COMMON_BLOCKS = YES;
				GCC_OPTIMIZATION_LEVEL = 0;
				GCC_PREPROCESSOR_DEFINITIONS = (
					"DEBUG=1",
					"$(inherited)",
				);
				GCC_WARN_64_TO_32_BIT_CONVERSION = YES;
				GCC_WARN_ABOUT_RETURN_TYPE = YES_ERROR;
				GCC_WARN_UNDECLARED_SELECTOR = YES;
				GCC_WARN_UNINITIALIZED_AUTOS = YES_AGGRESSIVE;
				GCC_WARN_UNUSED_FUNCTION = YES;
				GCC_WARN_UNUSED_VARIABLE = YES;
				IPHONEOS_DEPLOYMENT_TARGET = 17.5;
				LOCALIZATION_PREFERS_STRING_CATALOGS = YES;
				MTL_ENABLE_DEBUG_INFO = INCLUDE_SOURCE;
				MTL_FAST_MATH = YES;
				ONLY_ACTIVE_ARCH = YES;
				SDKROOT = iphoneos;
				SWIFT_ACTIVE_COMPILATION_CONDITIONS = "DEBUG $(inherited)";
				SWIFT_OPTIMIZATION_LEVEL = "-Onone";
			};
			name = Debug;
		};
		805244A72D8CDD6400EE63FE /* Release */ = {
			isa = XCBuildConfiguration;
			buildSettings = {
				ALWAYS_SEARCH_USER_PATHS = NO;
				ASSETCATALOG_COMPILER_GENERATE_SWIFT_ASSET_SYMBOL_EXTENSIONS = YES;
				CLANG_ANALYZER_NONNULL = YES;
				CLANG_ANALYZER_NUMBER_OBJECT_CONVERSION = YES_AGGRESSIVE;
				CLANG_CXX_LANGUAGE_STANDARD = "gnu++20";
				CLANG_ENABLE_MODULES = YES;
				CLANG_ENABLE_OBJC_ARC = YES;
				CLANG_ENABLE_OBJC_WEAK = YES;
				CLANG_WARN_BLOCK_CAPTURE_AUTORELEASING = YES;
				CLANG_WARN_BOOL_CONVERSION = YES;
				CLANG_WARN_COMMA = YES;
				CLANG_WARN_CONSTANT_CONVERSION = YES;
				CLANG_WARN_DEPRECATED_OBJC_IMPLEMENTATIONS = YES;
				CLANG_WARN_DIRECT_OBJC_ISA_USAGE = YES_ERROR;
				CLANG_WARN_DOCUMENTATION_COMMENTS = YES;
				CLANG_WARN_EMPTY_BODY = YES;
				CLANG_WARN_ENUM_CONVERSION = YES;
				CLANG_WARN_INFINITE_RECURSION = YES;
				CLANG_WARN_INT_CONVERSION = YES;
				CLANG_WARN_NON_LITERAL_NULL_CONVERSION = YES;
				CLANG_WARN_OBJC_IMPLICIT_RETAIN_SELF = YES;
				CLANG_WARN_OBJC_LITERAL_CONVERSION = YES;
				CLANG_WARN_OBJC_ROOT_CLASS = YES_ERROR;
				CLANG_WARN_QUOTED_INCLUDE_IN_FRAMEWORK_HEADER = YES;
				CLANG_WARN_RANGE_LOOP_ANALYSIS = YES;
				CLANG_WARN_STRICT_PROTOTYPES = YES;
				CLANG_WARN_SUSPICIOUS_MOVE = YES;
				CLANG_WARN_UNGUARDED_AVAILABILITY = YES_AGGRESSIVE;
				CLANG_WARN_UNREACHABLE_CODE = YES;
				CLANG_WARN__DUPLICATE_METHOD_MATCH = YES;
				COPY_PHASE_STRIP = NO;
				DEBUG_INFORMATION_FORMAT = "dwarf-with-dsym";
				ENABLE_NS_ASSERTIONS = NO;
				ENABLE_STRICT_OBJC_MSGSEND = YES;
				ENABLE_USER_SCRIPT_SANDBOXING = YES;
				GCC_C_LANGUAGE_STANDARD = gnu17;
				GCC_NO_COMMON_BLOCKS = YES;
				GCC_WARN_64_TO_32_BIT_CONVERSION = YES;
				GCC_WARN_ABOUT_RETURN_TYPE = YES_ERROR;
				GCC_WARN_UNDECLARED_SELECTOR = YES;
				GCC_WARN_UNINITIALIZED_AUTOS = YES_AGGRESSIVE;
				GCC_WARN_UNUSED_FUNCTION = YES;
				GCC_WARN_UNUSED_VARIABLE = YES;
				IPHONEOS_DEPLOYMENT_TARGET = 17.5;
				LOCALIZATION_PREFERS_STRING_CATALOGS = YES;
				MTL_ENABLE_DEBUG_INFO = NO;
				MTL_FAST_MATH = YES;
				SDKROOT = iphoneos;
				SWIFT_COMPILATION_MODE = wholemodule;
				VALIDATE_PRODUCT = YES;
			};
			name = Release;
		};
		805244A92D8CDD6400EE63FE /* Debug */ = {
			isa = XCBuildConfiguration;
			buildSettings = {
				ASSETCATALOG_COMPILER_APPICON_NAME = AppIcon;
				ASSETCATALOG_COMPILER_GLOBAL_ACCENT_COLOR_NAME = AccentColor;
				CODE_SIGN_STYLE = Automatic;
				CURRENT_PROJECT_VERSION = 1;
				DEVELOPMENT_ASSET_PATHS = "\"project_04/Preview Content\"";
				ENABLE_PREVIEWS = YES;
				GENERATE_INFOPLIST_FILE = YES;
				INFOPLIST_KEY_UIApplicationSceneManifest_Generation = YES;
				INFOPLIST_KEY_UIApplicationSupportsIndirectInputEvents = YES;
				INFOPLIST_KEY_UILaunchScreen_Generation = YES;
				INFOPLIST_KEY_UISupportedInterfaceOrientations_iPad = "UIInterfaceOrientationPortrait UIInterfaceOrientationPortraitUpsideDown UIInterfaceOrientationLandscapeLeft UIInterfaceOrientationLandscapeRight";
				INFOPLIST_KEY_UISupportedInterfaceOrientations_iPhone = "UIInterfaceOrientationPortrait UIInterfaceOrientationLandscapeLeft UIInterfaceOrientationLandscapeRight";
				LD_RUNPATH_SEARCH_PATHS = (
					"$(inherited)",
					"@executable_path/Frameworks",
				);
				MARKETING_VERSION = 1.0;
				PRODUCT_BUNDLE_IDENTIFIER = "kayky.marques.project-04";
				PRODUCT_NAME = "$(TARGET_NAME)";
				SWIFT_EMIT_LOC_STRINGS = YES;
				SWIFT_VERSION = 5.0;
				TARGETED_DEVICE_FAMILY = "1,2";
			};
			name = Debug;
		};
		805244AA2D8CDD6400EE63FE /* Release */ = {
			isa = XCBuildConfiguration;
			buildSettings = {
				ASSETCATALOG_COMPILER_APPICON_NAME = AppIcon;
				ASSETCATALOG_COMPILER_GLOBAL_ACCENT_COLOR_NAME = AccentColor;
				CODE_SIGN_STYLE = Automatic;
				CURRENT_PROJECT_VERSION = 1;
				DEVELOPMENT_ASSET_PATHS = "\"project_04/Preview Content\"";
				ENABLE_PREVIEWS = YES;
				GENERATE_INFOPLIST_FILE = YES;
				INFOPLIST_KEY_UIApplicationSceneManifest_Generation = YES;
				INFOPLIST_KEY_UIApplicationSupportsIndirectInputEvents = YES;
				INFOPLIST_KEY_UILaunchScreen_Generation = YES;
				INFOPLIST_KEY_UISupportedInterfaceOrientations_iPad = "UIInterfaceOrientationPortrait UIInterfaceOrientationPortraitUpsideDown UIInterfaceOrientationLandscapeLeft UIInterfaceOrientationLandscapeRight";
				INFOPLIST_KEY_UISupportedInterfaceOrientations_iPhone = "UIInterfaceOrientationPortrait UIInterfaceOrientationLandscapeLeft UIInterfaceOrientationLandscapeRight";
				LD_RUNPATH_SEARCH_PATHS = (
					"$(inherited)",
					"@executable_path/Frameworks",
				);
				MARKETING_VERSION = 1.0;
				PRODUCT_BUNDLE_IDENTIFIER = "kayky.marques.project-04";
				PRODUCT_NAME = "$(TARGET_NAME)";
				SWIFT_EMIT_LOC_STRINGS = YES;
				SWIFT_VERSION = 5.0;
				TARGETED_DEVICE_FAMILY = "1,2";
			};
			name = Release;
		};
		805244AC2D8CDD6400EE63FE /* Debug */ = {
			isa = XCBuildConfiguration;
			buildSettings = {
				ALWAYS_EMBED_SWIFT_STANDARD_LIBRARIES = YES;
				BUNDLE_LOADER = "$(TEST_HOST)";
				CODE_SIGN_STYLE = Automatic;
				CURRENT_PROJECT_VERSION = 1;
				GENERATE_INFOPLIST_FILE = YES;
				IPHONEOS_DEPLOYMENT_TARGET = 17.5;
				MARKETING_VERSION = 1.0;
				PRODUCT_BUNDLE_IDENTIFIER = "kayky.marques.project-04Tests";
				PRODUCT_NAME = "$(TARGET_NAME)";
				SWIFT_EMIT_LOC_STRINGS = NO;
				SWIFT_VERSION = 5.0;
				TARGETED_DEVICE_FAMILY = "1,2";
				TEST_HOST = "$(BUILT_PRODUCTS_DIR)/project_04.app/$(BUNDLE_EXECUTABLE_FOLDER_PATH)/project_04";
			};
			name = Debug;
		};
		805244AD2D8CDD6400EE63FE /* Release */ = {
			isa = XCBuildConfiguration;
			buildSettings = {
				ALWAYS_EMBED_SWIFT_STANDARD_LIBRARIES = YES;
				BUNDLE_LOADER = "$(TEST_HOST)";
				CODE_SIGN_STYLE = Automatic;
				CURRENT_PROJECT_VERSION = 1;
				GENERATE_INFOPLIST_FILE = YES;
				IPHONEOS_DEPLOYMENT_TARGET = 17.5;
				MARKETING_VERSION = 1.0;
				PRODUCT_BUNDLE_IDENTIFIER = "kayky.marques.project-04Tests";
				PRODUCT_NAME = "$(TARGET_NAME)";
				SWIFT_EMIT_LOC_STRINGS = NO;
				SWIFT_VERSION = 5.0;
				TARGETED_DEVICE_FAMILY = "1,2";
				TEST_HOST = "$(BUILT_PRODUCTS_DIR)/project_04.app/$(BUNDLE_EXECUTABLE_FOLDER_PATH)/project_04";
			};
			name = Release;
		};
		805244AF2D8CDD6400EE63FE /* Debug */ = {
			isa = XCBuildConfiguration;
			buildSettings = {
				ALWAYS_EMBED_SWIFT_STANDARD_LIBRARIES = YES;
				CODE_SIGN_STYLE = Automatic;
				CURRENT_PROJECT_VERSION = 1;
				GENERATE_INFOPLIST_FILE = YES;
				MARKETING_VERSION = 1.0;
				PRODUCT_BUNDLE_IDENTIFIER = "kayky.marques.project-04UITests";
				PRODUCT_NAME = "$(TARGET_NAME)";
				SWIFT_EMIT_LOC_STRINGS = NO;
				SWIFT_VERSION = 5.0;
				TARGETED_DEVICE_FAMILY = "1,2";
				TEST_TARGET_NAME = project_04;
			};
			name = Debug;
		};
		805244B02D8CDD6400EE63FE /* Release */ = {
			isa = XCBuildConfiguration;
			buildSettings = {
				ALWAYS_EMBED_SWIFT_STANDARD_LIBRARIES = YES;
				CODE_SIGN_STYLE = Automatic;
				CURRENT_PROJECT_VERSION = 1;
				GENERATE_INFOPLIST_FILE = YES;
				MARKETING_VERSION = 1.0;
				PRODUCT_BUNDLE_IDENTIFIER = "kayky.marques.project-04UITests";
				PRODUCT_NAME = "$(TARGET_NAME)";
				SWIFT_EMIT_LOC_STRINGS = NO;
				SWIFT_VERSION = 5.0;
				TARGETED_DEVICE_FAMILY = "1,2";
				TEST_TARGET_NAME = project_04;
			};
			name = Release;
		};
/* End XCBuildConfiguration section */

/* Begin XCConfigurationList section */
		8052447F2D8CDD6300EE63FE /* Build configuration list for PBXProject "project_04" */ = {
			isa = XCConfigurationList;
			buildConfigurations = (
				805244A62D8CDD6400EE63FE /* Debug */,
				805244A72D8CDD6400EE63FE /* Release */,
			);
			defaultConfigurationIsVisible = 0;
			defaultConfigurationName = Release;
		};
		805244A82D8CDD6400EE63FE /* Build configuration list for PBXNativeTarget "project_04" */ = {
			isa = XCConfigurationList;
			buildConfigurations = (
				805244A92D8CDD6400EE63FE /* Debug */,
				805244AA2D8CDD6400EE63FE /* Release */,
			);
			defaultConfigurationIsVisible = 0;
			defaultConfigurationName = Release;
		};
		805244AB2D8CDD6400EE63FE /* Build configuration list for PBXNativeTarget "project_04Tests" */ = {
			isa = XCConfigurationList;
			buildConfigurations = (
				805244AC2D8CDD6400EE63FE /* Debug */,
				805244AD2D8CDD6400EE63FE /* Release */,
			);
			defaultConfigurationIsVisible = 0;
			defaultConfigurationName = Release;
		};
		805244AE2D8CDD6400EE63FE /* Build configuration list for PBXNativeTarget "project_04UITests" */ = {
			isa = XCConfigurationList;
			buildConfigurations = (
				805244AF2D8CDD6400EE63FE /* Debug */,
				805244B02D8CDD6400EE63FE /* Release */,
			);
			defaultConfigurationIsVisible = 0;
			defaultConfigurationName = Release;
		};
/* End XCConfigurationList section */
	};
	rootObject = 8052447C2D8CDD6300EE63FE /* Project object */;
}
