// !$*UTF8*$!
{
	archiveVersion = 1;
	classes = {
	};
	objectVersion = 56;
	objects = {

/* Begin PBXBuildFile section */
		8010DEC12DA4861100C8EE53 /* prototip_graficosApp.swift in Sources */ = {isa = PBXBuildFile; fileRef = 8010DEC02DA4861100C8EE53 /* prototip_graficosApp.swift */; };
		8010DEC32DA4861100C8EE53 /* ContentView.swift in Sources */ = {isa = PBXBuildFile; fileRef = 8010DEC22DA4861100C8EE53 /* ContentView.swift */; };
		8010DEC52DA4861200C8EE53 /* Assets.xcassets in Resources */ = {isa = PBXBuildFile; fileRef = 8010DEC42DA4861200C8EE53 /* Assets.xcassets */; };
		8010DEC82DA4861200C8EE53 /* Preview Assets.xcassets in Resources */ = {isa = PBXBuildFile; fileRef = 8010DEC72DA4861200C8EE53 /* Preview Assets.xcassets */; };
		8010DED22DA4861200C8EE53 /* prototip_graficosTests.swift in Sources */ = {isa = PBXBuildFile; fileRef = 8010DED12DA4861200C8EE53 /* prototip_graficosTests.swift */; };
		8010DEDC2DA4861200C8EE53 /* prototip_graficosUITests.swift in Sources */ = {isa = PBXBuildFile; fileRef = 8010DEDB2DA4861200C8EE53 /* prototip_graficosUITests.swift */; };
		8010DEDE2DA4861200C8EE53 /* prototip_graficosUITestsLaunchTests.swift in Sources */ = {isa = PBXBuildFile; fileRef = 8010DEDD2DA4861200C8EE53 /* prototip_graficosUITestsLaunchTests.swift */; };
		80F9B5922DA728A4000FE03C /* information.swift in Sources */ = {isa = PBXBuildFile; fileRef = 80DA941C2DA5F73C0041DF74 /* information.swift */; };
		80F9B5932DA728A6000FE03C /* Batimentos.swift in Sources */ = {isa = PBXBuildFile; fileRef = 80DA941A2DA5F72D0041DF74 /* Batimentos.swift */; };
/* End PBXBuildFile section */

/* Begin PBXContainerItemProxy section */
		8010DECE2DA4861200C8EE53 /* PBXContainerItemProxy */ = {
			isa = PBXContainerItemProxy;
			containerPortal = 8010DEB52DA4861100C8EE53 /* Project object */;
			proxyType = 1;
			remoteGlobalIDString = 8010DEBC2DA4861100C8EE53;
			remoteInfo = prototip_graficos;
		};
		8010DED82DA4861200C8EE53 /* PBXContainerItemProxy */ = {
			isa = PBXContainerItemProxy;
			containerPortal = 8010DEB52DA4861100C8EE53 /* Project object */;
			proxyType = 1;
			remoteGlobalIDString = 8010DEBC2DA4861100C8EE53;
			remoteInfo = prototip_graficos;
		};
/* End PBXContainerItemProxy section */

/* Begin PBXFileReference section */
		8010DEBD2DA4861100C8EE53 /* prototip_graficos.app */ = {isa = PBXFileReference; explicitFileType = wrapper.application; includeInIndex = 0; path = prototip_graficos.app; sourceTree = BUILT_PRODUCTS_DIR; };
		8010DEC02DA4861100C8EE53 /* prototip_graficosApp.swift */ = {isa = PBXFileReference; lastKnownFileType = sourcecode.swift; path = prototip_graficosApp.swift; sourceTree = "<group>"; };
		8010DEC22DA4861100C8EE53 /* ContentView.swift */ = {isa = PBXFileReference; lastKnownFileType = sourcecode.swift; path = ContentView.swift; sourceTree = "<group>"; };
		8010DEC42DA4861200C8EE53 /* Assets.xcassets */ = {isa = PBXFileReference; lastKnownFileType = folder.assetcatalog; path = Assets.xcassets; sourceTree = "<group>"; };
		8010DEC72DA4861200C8EE53 /* Preview Assets.xcassets */ = {isa = PBXFileReference; lastKnownFileType = folder.assetcatalog; path = "Preview Assets.xcassets"; sourceTree = "<group>"; };
		8010DECD2DA4861200C8EE53 /* prototip_graficosTests.xctest */ = {isa = PBXFileReference; explicitFileType = wrapper.cfbundle; includeInIndex = 0; path = prototip_graficosTests.xctest; sourceTree = BUILT_PRODUCTS_DIR; };
		8010DED12DA4861200C8EE53 /* prototip_graficosTests.swift */ = {isa = PBXFileReference; lastKnownFileType = sourcecode.swift; path = prototip_graficosTests.swift; sourceTree = "<group>"; };
		8010DED72DA4861200C8EE53 /* prototip_graficosUITests.xctest */ = {isa = PBXFileReference; explicitFileType = wrapper.cfbundle; includeInIndex = 0; path = prototip_graficosUITests.xctest; sourceTree = BUILT_PRODUCTS_DIR; };
		8010DEDB2DA4861200C8EE53 /* prototip_graficosUITests.swift */ = {isa = PBXFileReference; lastKnownFileType = sourcecode.swift; path = prototip_graficosUITests.swift; sourceTree = "<group>"; };
		8010DEDD2DA4861200C8EE53 /* prototip_graficosUITestsLaunchTests.swift */ = {isa = PBXFileReference; lastKnownFileType = sourcecode.swift; path = prototip_graficosUITestsLaunchTests.swift; sourceTree = "<group>"; };
		80DA941A2DA5F72D0041DF74 /* Batimentos.swift */ = {isa = PBXFileReference; fileEncoding = 4; lastKnownFileType = sourcecode.swift; path = Batimentos.swift; sourceTree = "<group>"; };
		80DA941C2DA5F73C0041DF74 /* information.swift */ = {isa = PBXFileReference; fileEncoding = 4; lastKnownFileType = sourcecode.swift; path = information.swift; sourceTree = "<group>"; };
/* End PBXFileReference section */

/* Begin PBXFrameworksBuildPhase section */
		8010DEBA2DA4861100C8EE53 /* Frameworks */ = {
			isa = PBXFrameworksBuildPhase;
			buildActionMask = 2147483647;
			files = (
			);
			runOnlyForDeploymentPostprocessing = 0;
		};
		8010DECA2DA4861200C8EE53 /* Frameworks */ = {
			isa = PBXFrameworksBuildPhase;
			buildActionMask = 2147483647;
			files = (
			);
			runOnlyForDeploymentPostprocessing = 0;
		};
		8010DED42DA4861200C8EE53 /* Frameworks */ = {
			isa = PBXFrameworksBuildPhase;
			buildActionMask = 2147483647;
			files = (
			);
			runOnlyForDeploymentPostprocessing = 0;
		};
/* End PBXFrameworksBuildPhase section */

/* Begin PBXGroup section */
		8010DEB42DA4861100C8EE53 = {
			isa = PBXGroup;
			children = (
				8010DEBF2DA4861100C8EE53 /* prototip_graficos */,
				8010DED02DA4861200C8EE53 /* prototip_graficosTests */,
				8010DEDA2DA4861200C8EE53 /* prototip_graficosUITests */,
				8010DEBE2DA4861100C8EE53 /* Products */,
			);
			sourceTree = "<group>";
		};
		8010DEBE2DA4861100C8EE53 /* Products */ = {
			isa = PBXGroup;
			children = (
				8010DEBD2DA4861100C8EE53 /* prototip_graficos.app */,
				8010DECD2DA4861200C8EE53 /* prototip_graficosTests.xctest */,
				8010DED72DA4861200C8EE53 /* prototip_graficosUITests.xctest */,
			);
			name = Products;
			sourceTree = "<group>";
		};
		8010DEBF2DA4861100C8EE53 /* prototip_graficos */ = {
			isa = PBXGroup;
			children = (
				8010DEC02DA4861100C8EE53 /* prototip_graficosApp.swift */,
				8010DEC22DA4861100C8EE53 /* ContentView.swift */,
				80DA941C2DA5F73C0041DF74 /* information.swift */,
				80DA941A2DA5F72D0041DF74 /* Batimentos.swift */,
				8010DEC42DA4861200C8EE53 /* Assets.xcassets */,
				8010DEC62DA4861200C8EE53 /* Preview Content */,
			);
			path = prototip_graficos;
			sourceTree = "<group>";
		};
		8010DEC62DA4861200C8EE53 /* Preview Content */ = {
			isa = PBXGroup;
			children = (
				8010DEC72DA4861200C8EE53 /* Preview Assets.xcassets */,
			);
			path = "Preview Content";
			sourceTree = "<group>";
		};
		8010DED02DA4861200C8EE53 /* prototip_graficosTests */ = {
			isa = PBXGroup;
			children = (
				8010DED12DA4861200C8EE53 /* prototip_graficosTests.swift */,
			);
			path = prototip_graficosTests;
			sourceTree = "<group>";
		};
		8010DEDA2DA4861200C8EE53 /* prototip_graficosUITests */ = {
			isa = PBXGroup;
			children = (
				8010DEDB2DA4861200C8EE53 /* prototip_graficosUITests.swift */,
				8010DEDD2DA4861200C8EE53 /* prototip_graficosUITestsLaunchTests.swift */,
			);
			path = prototip_graficosUITests;
			sourceTree = "<group>";
		};
/* End PBXGroup section */

/* Begin PBXNativeTarget section */
		8010DEBC2DA4861100C8EE53 /* prototip_graficos */ = {
			isa = PBXNativeTarget;
			buildConfigurationList = 8010DEE12DA4861200C8EE53 /* Build configuration list for PBXNativeTarget "prototip_graficos" */;
			buildPhases = (
				8010DEB92DA4861100C8EE53 /* Sources */,
				8010DEBA2DA4861100C8EE53 /* Frameworks */,
				8010DEBB2DA4861100C8EE53 /* Resources */,
			);
			buildRules = (
			);
			dependencies = (
			);
			name = prototip_graficos;
			productName = prototip_graficos;
			productReference = 8010DEBD2DA4861100C8EE53 /* prototip_graficos.app */;
			productType = "com.apple.product-type.application";
		};
		8010DECC2DA4861200C8EE53 /* prototip_graficosTests */ = {
			isa = PBXNativeTarget;
			buildConfigurationList = 8010DEE42DA4861200C8EE53 /* Build configuration list for PBXNativeTarget "prototip_graficosTests" */;
			buildPhases = (
				8010DEC92DA4861200C8EE53 /* Sources */,
				8010DECA2DA4861200C8EE53 /* Frameworks */,
				8010DECB2DA4861200C8EE53 /* Resources */,
			);
			buildRules = (
			);
			dependencies = (
				8010DECF2DA4861200C8EE53 /* PBXTargetDependency */,
			);
			name = prototip_graficosTests;
			productName = prototip_graficosTests;
			productReference = 8010DECD2DA4861200C8EE53 /* prototip_graficosTests.xctest */;
			productType = "com.apple.product-type.bundle.unit-test";
		};
		8010DED62DA4861200C8EE53 /* prototip_graficosUITests */ = {
			isa = PBXNativeTarget;
			buildConfigurationList = 8010DEE72DA4861200C8EE53 /* Build configuration list for PBXNativeTarget "prototip_graficosUITests" */;
			buildPhases = (
				8010DED32DA4861200C8EE53 /* Sources */,
				8010DED42DA4861200C8EE53 /* Frameworks */,
				8010DED52DA4861200C8EE53 /* Resources */,
			);
			buildRules = (
			);
			dependencies = (
				8010DED92DA4861200C8EE53 /* PBXTargetDependency */,
			);
			name = prototip_graficosUITests;
			productName = prototip_graficosUITests;
			productReference = 8010DED72DA4861200C8EE53 /* prototip_graficosUITests.xctest */;
			productType = "com.apple.product-type.bundle.ui-testing";
		};
/* End PBXNativeTarget section */

/* Begin PBXProject section */
		8010DEB52DA4861100C8EE53 /* Project object */ = {
			isa = PBXProject;
			attributes = {
				BuildIndependentTargetsInParallel = 1;
				LastSwiftUpdateCheck = 1540;
				LastUpgradeCheck = 1540;
				TargetAttributes = {
					8010DEBC2DA4861100C8EE53 = {
						CreatedOnToolsVersion = 15.4;
					};
					8010DECC2DA4861200C8EE53 = {
						CreatedOnToolsVersion = 15.4;
						TestTargetID = 8010DEBC2DA4861100C8EE53;
					};
					8010DED62DA4861200C8EE53 = {
						CreatedOnToolsVersion = 15.4;
						TestTargetID = 8010DEBC2DA4861100C8EE53;
					};
				};
			};
			buildConfigurationList = 8010DEB82DA4861100C8EE53 /* Build configuration list for PBXProject "prototip_graficos" */;
			compatibilityVersion = "Xcode 14.0";
			developmentRegion = en;
			hasScannedForEncodings = 0;
			knownRegions = (
				en,
				Base,
			);
			mainGroup = 8010DEB42DA4861100C8EE53;
			productRefGroup = 8010DEBE2DA4861100C8EE53 /* Products */;
			projectDirPath = "";
			projectRoot = "";
			targets = (
				8010DEBC2DA4861100C8EE53 /* prototip_graficos */,
				8010DECC2DA4861200C8EE53 /* prototip_graficosTests */,
				8010DED62DA4861200C8EE53 /* prototip_graficosUITests */,
			);
		};
/* End PBXProject section */

/* Begin PBXResourcesBuildPhase section */
		8010DEBB2DA4861100C8EE53 /* Resources */ = {
			isa = PBXResourcesBuildPhase;
			buildActionMask = 2147483647;
			files = (
				8010DEC82DA4861200C8EE53 /* Preview Assets.xcassets in Resources */,
				8010DEC52DA4861200C8EE53 /* Assets.xcassets in Resources */,
			);
			runOnlyForDeploymentPostprocessing = 0;
		};
		8010DECB2DA4861200C8EE53 /* Resources */ = {
			isa = PBXResourcesBuildPhase;
			buildActionMask = 2147483647;
			files = (
			);
			runOnlyForDeploymentPostprocessing = 0;
		};
		8010DED52DA4861200C8EE53 /* Resources */ = {
			isa = PBXResourcesBuildPhase;
			buildActionMask = 2147483647;
			files = (
			);
			runOnlyForDeploymentPostprocessing = 0;
		};
/* End PBXResourcesBuildPhase section */

/* Begin PBXSourcesBuildPhase section */
		8010DEB92DA4861100C8EE53 /* Sources */ = {
			isa = PBXSourcesBuildPhase;
			buildActionMask = 2147483647;
			files = (
				8010DEC32DA4861100C8EE53 /* ContentView.swift in Sources */,
				80F9B5932DA728A6000FE03C /* Batimentos.swift in Sources */,
				80F9B5922DA728A4000FE03C /* information.swift in Sources */,
				8010DEC12DA4861100C8EE53 /* prototip_graficosApp.swift in Sources */,
			);
			runOnlyForDeploymentPostprocessing = 0;
		};
		8010DEC92DA4861200C8EE53 /* Sources */ = {
			isa = PBXSourcesBuildPhase;
			buildActionMask = 2147483647;
			files = (
				8010DED22DA4861200C8EE53 /* prototip_graficosTests.swift in Sources */,
			);
			runOnlyForDeploymentPostprocessing = 0;
		};
		8010DED32DA4861200C8EE53 /* Sources */ = {
			isa = PBXSourcesBuildPhase;
			buildActionMask = 2147483647;
			files = (
				8010DEDC2DA4861200C8EE53 /* prototip_graficosUITests.swift in Sources */,
				8010DEDE2DA4861200C8EE53 /* prototip_graficosUITestsLaunchTests.swift in Sources */,
			);
			runOnlyForDeploymentPostprocessing = 0;
		};
/* End PBXSourcesBuildPhase section */

/* Begin PBXTargetDependency section */
		8010DECF2DA4861200C8EE53 /* PBXTargetDependency */ = {
			isa = PBXTargetDependency;
			target = 8010DEBC2DA4861100C8EE53 /* prototip_graficos */;
			targetProxy = 8010DECE2DA4861200C8EE53 /* PBXContainerItemProxy */;
		};
		8010DED92DA4861200C8EE53 /* PBXTargetDependency */ = {
			isa = PBXTargetDependency;
			target = 8010DEBC2DA4861100C8EE53 /* prototip_graficos */;
			targetProxy = 8010DED82DA4861200C8EE53 /* PBXContainerItemProxy */;
		};
/* End PBXTargetDependency section */

/* Begin XCBuildConfiguration section */
		8010DEDF2DA4861200C8EE53 /* Debug */ = {
			isa = XCBuildConfiguration;
			buildSettings = {
				ALWAYS_SEARCH_USER_PATHS = NO;
				ASSETCATALOG_COMPILER_GENERATE_SWIFT_ASSET_SYMBOL_EXTENSIONS = YES;
				CLANG_ANALYZER_NONNULL = YES;
				CLANG_ANALYZER_NUMBER_OBJECT_CONVERSION = YES_AGGRESSIVE;
				CLANG_CXX_LANGUAGE_STANDARD = "gnu++20";
				CLANG_ENABLE_MODULES = YES;
				CLANG_ENABLE_OBJC_ARC = YES;
				CLANG_ENABLE_OBJC_WEAK = YES;
				CLANG_WARN_BLOCK_CAPTURE_AUTORELEASING = YES;
				CLANG_WARN_BOOL_CONVERSION = YES;
				CLANG_WARN_COMMA = YES;
				CLANG_WARN_CONSTANT_CONVERSION = YES;
				CLANG_WARN_DEPRECATED_OBJC_IMPLEMENTATIONS = YES;
				CLANG_WARN_DIRECT_OBJC_ISA_USAGE = YES_ERROR;
				CLANG_WARN_DOCUMENTATION_COMMENTS = YES;
				CLANG_WARN_EMPTY_BODY = YES;
				CLANG_WARN_ENUM_CONVERSION = YES;
				CLANG_WARN_INFINITE_RECURSION = YES;
				CLANG_WARN_INT_CONVERSION = YES;
				CLANG_WARN_NON_LITERAL_NULL_CONVERSION = YES;
				CLANG_WARN_OBJC_IMPLICIT_RETAIN_SELF = YES;
				CLANG_WARN_OBJC_LITERAL_CONVERSION = YES;
				CLANG_WARN_OBJC_ROOT_CLASS = YES_ERROR;
				CLANG_WARN_QUOTED_INCLUDE_IN_FRAMEWORK_HEADER = YES;
				CLANG_WARN_RANGE_LOOP_ANALYSIS = YES;
				CLANG_WARN_STRICT_PROTOTYPES = YES;
				CLANG_WARN_SUSPICIOUS_MOVE = YES;
				CLANG_WARN_UNGUARDED_AVAILABILITY = YES_AGGRESSIVE;
				CLANG_WARN_UNREACHABLE_CODE = YES;
				CLANG_WARN__DUPLICATE_METHOD_MATCH = YES;
				COPY_PHASE_STRIP = NO;
				DEBUG_INFORMATION_FORMAT = dwarf;
				ENABLE_STRICT_OBJC_MSGSEND = YES;
				ENABLE_TESTABILITY = YES;
				ENABLE_USER_SCRIPT_SANDBOXING = YES;
				GCC_C_LANGUAGE_STANDARD = gnu17;
				GCC_DYNAMIC_NO_PIC = NO;
				GCC_NO_COMMON_BLOCKS = YES;
				GCC_OPTIMIZATION_LEVEL = 0;
				GCC_PREPROCESSOR_DEFINITIONS = (
					"DEBUG=1",
					"$(inherited)",
				);
				GCC_WARN_64_TO_32_BIT_CONVERSION = YES;
				GCC_WARN_ABOUT_RETURN_TYPE = YES_ERROR;
				GCC_WARN_UNDECLARED_SELECTOR = YES;
				GCC_WARN_UNINITIALIZED_AUTOS = YES_AGGRESSIVE;
				GCC_WARN_UNUSED_FUNCTION = YES;
				GCC_WARN_UNUSED_VARIABLE = YES;
				IPHONEOS_DEPLOYMENT_TARGET = 17.5;
				LOCALIZATION_PREFERS_STRING_CATALOGS = YES;
				MTL_ENABLE_DEBUG_INFO = INCLUDE_SOURCE;
				MTL_FAST_MATH = YES;
				ONLY_ACTIVE_ARCH = YES;
				SDKROOT = iphoneos;
				SWIFT_ACTIVE_COMPILATION_CONDITIONS = "DEBUG $(inherited)";
				SWIFT_OPTIMIZATION_LEVEL = "-Onone";
			};
			name = Debug;
		};
		8010DEE02DA4861200C8EE53 /* Release */ = {
			isa = XCBuildConfiguration;
			buildSettings = {
				ALWAYS_SEARCH_USER_PATHS = NO;
				ASSETCATALOG_COMPILER_GENERATE_SWIFT_ASSET_SYMBOL_EXTENSIONS = YES;
				CLANG_ANALYZER_NONNULL = YES;
				CLANG_ANALYZER_NUMBER_OBJECT_CONVERSION = YES_AGGRESSIVE;
				CLANG_CXX_LANGUAGE_STANDARD = "gnu++20";
				CLANG_ENABLE_MODULES = YES;
				CLANG_ENABLE_OBJC_ARC = YES;
				CLANG_ENABLE_OBJC_WEAK = YES;
				CLANG_WARN_BLOCK_CAPTURE_AUTORELEASING = YES;
				CLANG_WARN_BOOL_CONVERSION = YES;
				CLANG_WARN_COMMA = YES;
				CLANG_WARN_CONSTANT_CONVERSION = YES;
				CLANG_WARN_DEPRECATED_OBJC_IMPLEMENTATIONS = YES;
				CLANG_WARN_DIRECT_OBJC_ISA_USAGE = YES_ERROR;
				CLANG_WARN_DOCUMENTATION_COMMENTS = YES;
				CLANG_WARN_EMPTY_BODY = YES;
				CLANG_WARN_ENUM_CONVERSION = YES;
				CLANG_WARN_INFINITE_RECURSION = YES;
				CLANG_WARN_INT_CONVERSION = YES;
				CLANG_WARN_NON_LITERAL_NULL_CONVERSION = YES;
				CLANG_WARN_OBJC_IMPLICIT_RETAIN_SELF = YES;
				CLANG_WARN_OBJC_LITERAL_CONVERSION = YES;
				CLANG_WARN_OBJC_ROOT_CLASS = YES_ERROR;
				CLANG_WARN_QUOTED_INCLUDE_IN_FRAMEWORK_HEADER = YES;
				CLANG_WARN_RANGE_LOOP_ANALYSIS = YES;
				CLANG_WARN_STRICT_PROTOTYPES = YES;
				CLANG_WARN_SUSPICIOUS_MOVE = YES;
				CLANG_WARN_UNGUARDED_AVAILABILITY = YES_AGGRESSIVE;
				CLANG_WARN_UNREACHABLE_CODE = YES;
				CLANG_WARN__DUPLICATE_METHOD_MATCH = YES;
				COPY_PHASE_STRIP = NO;
				DEBUG_INFORMATION_FORMAT = "dwarf-with-dsym";
				ENABLE_NS_ASSERTIONS = NO;
				ENABLE_STRICT_OBJC_MSGSEND = YES;
				ENABLE_USER_SCRIPT_SANDBOXING = YES;
				GCC_C_LANGUAGE_STANDARD = gnu17;
				GCC_NO_COMMON_BLOCKS = YES;
				GCC_WARN_64_TO_32_BIT_CONVERSION = YES;
				GCC_WARN_ABOUT_RETURN_TYPE = YES_ERROR;
				GCC_WARN_UNDECLARED_SELECTOR = YES;
				GCC_WARN_UNINITIALIZED_AUTOS = YES_AGGRESSIVE;
				GCC_WARN_UNUSED_FUNCTION = YES;
				GCC_WARN_UNUSED_VARIABLE = YES;
				IPHONEOS_DEPLOYMENT_TARGET = 17.5;
				LOCALIZATION_PREFERS_STRING_CATALOGS = YES;
				MTL_ENABLE_DEBUG_INFO = NO;
				MTL_FAST_MATH = YES;
				SDKROOT = iphoneos;
				SWIFT_COMPILATION_MODE = wholemodule;
				VALIDATE_PRODUCT = YES;
			};
			name = Release;
		};
		8010DEE22DA4861200C8EE53 /* Debug */ = {
			isa = XCBuildConfiguration;
			buildSettings = {
				ASSETCATALOG_COMPILER_APPICON_NAME = AppIcon;
				ASSETCATALOG_COMPILER_GLOBAL_ACCENT_COLOR_NAME = AccentColor;
				CODE_SIGN_STYLE = Automatic;
				CURRENT_PROJECT_VERSION = 1;
				DEVELOPMENT_ASSET_PATHS = "\"prototip_graficos/Preview Content\"";
				ENABLE_PREVIEWS = YES;
				GENERATE_INFOPLIST_FILE = YES;
				INFOPLIST_KEY_UIApplicationSceneManifest_Generation = YES;
				INFOPLIST_KEY_UIApplicationSupportsIndirectInputEvents = YES;
				INFOPLIST_KEY_UILaunchScreen_Generation = YES;
				INFOPLIST_KEY_UISupportedInterfaceOrientations_iPad = "UIInterfaceOrientationPortrait UIInterfaceOrientationPortraitUpsideDown UIInterfaceOrientationLandscapeLeft UIInterfaceOrientationLandscapeRight";
				INFOPLIST_KEY_UISupportedInterfaceOrientations_iPhone = "UIInterfaceOrientationPortrait UIInterfaceOrientationLandscapeLeft UIInterfaceOrientationLandscapeRight";
				LD_RUNPATH_SEARCH_PATHS = (
					"$(inherited)",
					"@executable_path/Frameworks",
				);
				MARKETING_VERSION = 1.0;
				PRODUCT_BUNDLE_IDENTIFIER = "kayky.marques.prototip-graficos";
				PRODUCT_NAME = "$(TARGET_NAME)";
				SWIFT_EMIT_LOC_STRINGS = YES;
				SWIFT_VERSION = 5.0;
				TARGETED_DEVICE_FAMILY = "1,2";
			};
			name = Debug;
		};
		8010DEE32DA4861200C8EE53 /* Release */ = {
			isa = XCBuildConfiguration;
			buildSettings = {
				ASSETCATALOG_COMPILER_APPICON_NAME = AppIcon;
				ASSETCATALOG_COMPILER_GLOBAL_ACCENT_COLOR_NAME = AccentColor;
				CODE_SIGN_STYLE = Automatic;
				CURRENT_PROJECT_VERSION = 1;
				DEVELOPMENT_ASSET_PATHS = "\"prototip_graficos/Preview Content\"";
				ENABLE_PREVIEWS = YES;
				GENERATE_INFOPLIST_FILE = YES;
				INFOPLIST_KEY_UIApplicationSceneManifest_Generation = YES;
				INFOPLIST_KEY_UIApplicationSupportsIndirectInputEvents = YES;
				INFOPLIST_KEY_UILaunchScreen_Generation = YES;
				INFOPLIST_KEY_UISupportedInterfaceOrientations_iPad = "UIInterfaceOrientationPortrait UIInterfaceOrientationPortraitUpsideDown UIInterfaceOrientationLandscapeLeft UIInterfaceOrientationLandscapeRight";
				INFOPLIST_KEY_UISupportedInterfaceOrientations_iPhone = "UIInterfaceOrientationPortrait UIInterfaceOrientationLandscapeLeft UIInterfaceOrientationLandscapeRight";
				LD_RUNPATH_SEARCH_PATHS = (
					"$(inherited)",
					"@executable_path/Frameworks",
				);
				MARKETING_VERSION = 1.0;
				PRODUCT_BUNDLE_IDENTIFIER = "kayky.marques.prototip-graficos";
				PRODUCT_NAME = "$(TARGET_NAME)";
				SWIFT_EMIT_LOC_STRINGS = YES;
				SWIFT_VERSION = 5.0;
				TARGETED_DEVICE_FAMILY = "1,2";
			};
			name = Release;
		};
		8010DEE52DA4861200C8EE53 /* Debug */ = {
			isa = XCBuildConfiguration;
			buildSettings = {
				ALWAYS_EMBED_SWIFT_STANDARD_LIBRARIES = YES;
				BUNDLE_LOADER = "$(TEST_HOST)";
				CODE_SIGN_STYLE = Automatic;
				CURRENT_PROJECT_VERSION = 1;
				GENERATE_INFOPLIST_FILE = YES;
				IPHONEOS_DEPLOYMENT_TARGET = 17.5;
				MARKETING_VERSION = 1.0;
				PRODUCT_BUNDLE_IDENTIFIER = "kayky.marques.prototip-graficosTests";
				PRODUCT_NAME = "$(TARGET_NAME)";
				SWIFT_EMIT_LOC_STRINGS = NO;
				SWIFT_VERSION = 5.0;
				TARGETED_DEVICE_FAMILY = "1,2";
				TEST_HOST = "$(BUILT_PRODUCTS_DIR)/prototip_graficos.app/$(BUNDLE_EXECUTABLE_FOLDER_PATH)/prototip_graficos";
			};
			name = Debug;
		};
		8010DEE62DA4861200C8EE53 /* Release */ = {
			isa = XCBuildConfiguration;
			buildSettings = {
				ALWAYS_EMBED_SWIFT_STANDARD_LIBRARIES = YES;
				BUNDLE_LOADER = "$(TEST_HOST)";
				CODE_SIGN_STYLE = Automatic;
				CURRENT_PROJECT_VERSION = 1;
				GENERATE_INFOPLIST_FILE = YES;
				IPHONEOS_DEPLOYMENT_TARGET = 17.5;
				MARKETING_VERSION = 1.0;
				PRODUCT_BUNDLE_IDENTIFIER = "kayky.marques.prototip-graficosTests";
				PRODUCT_NAME = "$(TARGET_NAME)";
				SWIFT_EMIT_LOC_STRINGS = NO;
				SWIFT_VERSION = 5.0;
				TARGETED_DEVICE_FAMILY = "1,2";
				TEST_HOST = "$(BUILT_PRODUCTS_DIR)/prototip_graficos.app/$(BUNDLE_EXECUTABLE_FOLDER_PATH)/prototip_graficos";
			};
			name = Release;
		};
		8010DEE82DA4861200C8EE53 /* Debug */ = {
			isa = XCBuildConfiguration;
			buildSettings = {
				ALWAYS_EMBED_SWIFT_STANDARD_LIBRARIES = YES;
				CODE_SIGN_STYLE = Automatic;
				CURRENT_PROJECT_VERSION = 1;
				GENERATE_INFOPLIST_FILE = YES;
				MARKETING_VERSION = 1.0;
				PRODUCT_BUNDLE_IDENTIFIER = "kayky.marques.prototip-graficosUITests";
				PRODUCT_NAME = "$(TARGET_NAME)";
				SWIFT_EMIT_LOC_STRINGS = NO;
				SWIFT_VERSION = 5.0;
				TARGETED_DEVICE_FAMILY = "1,2";
				TEST_TARGET_NAME = prototip_graficos;
			};
			name = Debug;
		};
		8010DEE92DA4861200C8EE53 /* Release */ = {
			isa = XCBuildConfiguration;
			buildSettings = {
				ALWAYS_EMBED_SWIFT_STANDARD_LIBRARIES = YES;
				CODE_SIGN_STYLE = Automatic;
				CURRENT_PROJECT_VERSION = 1;
				GENERATE_INFOPLIST_FILE = YES;
				MARKETING_VERSION = 1.0;
				PRODUCT_BUNDLE_IDENTIFIER = "kayky.marques.prototip-graficosUITests";
				PRODUCT_NAME = "$(TARGET_NAME)";
				SWIFT_EMIT_LOC_STRINGS = NO;
				SWIFT_VERSION = 5.0;
				TARGETED_DEVICE_FAMILY = "1,2";
				TEST_TARGET_NAME = prototip_graficos;
			};
			name = Release;
		};
/* End XCBuildConfiguration section */

/* Begin XCConfigurationList section */
		8010DEB82DA4861100C8EE53 /* Build configuration list for PBXProject "prototip_graficos" */ = {
			isa = XCConfigurationList;
			buildConfigurations = (
				8010DEDF2DA4861200C8EE53 /* Debug */,
				8010DEE02DA4861200C8EE53 /* Release */,
			);
			defaultConfigurationIsVisible = 0;
			defaultConfigurationName = Release;
		};
		8010DEE12DA4861200C8EE53 /* Build configuration list for PBXNativeTarget "prototip_graficos" */ = {
			isa = XCConfigurationList;
			buildConfigurations = (
				8010DEE22DA4861200C8EE53 /* Debug */,
				8010DEE32DA4861200C8EE53 /* Release */,
			);
			defaultConfigurationIsVisible = 0;
			defaultConfigurationName = Release;
		};
		8010DEE42DA4861200C8EE53 /* Build configuration list for PBXNativeTarget "prototip_graficosTests" */ = {
			isa = XCConfigurationList;
			buildConfigurations = (
				8010DEE52DA4861200C8EE53 /* Debug */,
				8010DEE62DA4861200C8EE53 /* Release */,
			);
			defaultConfigurationIsVisible = 0;
			defaultConfigurationName = Release;
		};
		8010DEE72DA4861200C8EE53 /* Build configuration list for PBXNativeTarget "prototip_graficosUITests" */ = {
			isa = XCConfigurationList;
			buildConfigurations = (
				8010DEE82DA4861200C8EE53 /* Debug */,
				8010DEE92DA4861200C8EE53 /* Release */,
			);
			defaultConfigurationIsVisible = 0;
			defaultConfigurationName = Release;
		};
/* End XCConfigurationList section */
	};
	rootObject = 8010DEB52DA4861100C8EE53 /* Project object */;
}
